
Microsoft Visual Studio Solution File, Format Version 12.00
# Visual Studio Version 16
VisualStudioVersion = 16.0.31321.278
MinimumVisualStudioVersion = 10.0.40219.1
Project("{FAE04EC0-301F-11D3-BF4B-00C04F79EFBC}") = "Ejemplos01.UWP", "Ejemplos01\Ejemplos01.UWP\Ejemplos01.UWP.csproj", "{82A1438E-9F1A-41AC-B796-73B493F94ACA}"
EndProject
Project("{FAE04EC0-301F-11D3-BF4B-00C04F79EFBC}") = "Ejemplos01.Android", "Ejemplos01\Ejemplos01.Android\Ejemplos01.Android.csproj", "{CBACF6F2-1840-45B7-AE80-C6AFA12C48A9}"
EndProject
Project("{FAE04EC0-301F-11D3-BF4B-00C04F79EFBC}") = "Ejemplos01.iOS", "Ejemplos01\Ejemplos01.iOS\Ejemplos01.iOS.csproj", "{297B8A0B-53E9-4E10-AD65-98DD9F35B5D8}"
EndProject
Project("{FAE04EC0-301F-11D3-BF4B-00C04F79EFBC}") = "Ejemplos01", "Ejemplos01\Ejemplos01\Ejemplos01.csproj", "{7193B552-7512-4613-B3A8-652AFD81AE41}"
EndProject
Global
	GlobalSection(SolutionConfigurationPlatforms) = preSolution
		Debug|Any CPU = Debug|Any CPU
		Debug|ARM = Debug|ARM
		Debug|iPhone = Debug|iPhone
		Debug|iPhoneSimulator = Debug|iPhoneSimulator
		Debug|x64 = Debug|x64
		Debug|x86 = Debug|x86
		Release|Any CPU = Release|Any CPU
		Release|ARM = Release|ARM
		Release|iPhone = Release|iPhone
		Release|iPhoneSimulator = Release|iPhoneSimulator
		Release|x64 = Release|x64
		Release|x86 = Release|x86
	EndGlobalSection
	GlobalSection(ProjectConfigurationPlatforms) = postSolution
		{82A1438E-9F1A-41AC-B796-73B493F94ACA}.Debug|Any CPU.ActiveCfg = Debug|x86
		{82A1438E-9F1A-41AC-B796-73B493F94ACA}.Debug|Any CPU.Build.0 = Debug|x86
		{82A1438E-9F1A-41AC-B796-73B493F94ACA}.Debug|Any CPU.Deploy.0 = Debug|x86
		{82A1438E-9F1A-41AC-B796-73B493F94ACA}.Debug|ARM.ActiveCfg = Debug|ARM
		{82A1438E-9F1A-41AC-B796-73B493F94ACA}.Debug|ARM.Build.0 = Debug|ARM
		{82A1438E-9F1A-41AC-B796-73B493F94ACA}.Debug|ARM.Deploy.0 = Debug|ARM
		{82A1438E-9F1A-41AC-B796-73B493F94ACA}.Debug|iPhone.ActiveCfg = Debug|x86
		{82A1438E-9F1A-41AC-B796-73B493F94ACA}.Debug|iPhone.Build.0 = Debug|x86
		{82A1438E-9F1A-41AC-B796-73B493F94ACA}.Debug|iPhone.Deploy.0 = Debug|x86
		{82A1438E-9F1A-41AC-B796-73B493F94ACA}.Debug|iPhoneSimulator.ActiveCfg = Debug|x86
		{82A1438E-9F1A-41AC-B796-73B493F94ACA}.Debug|iPhoneSimulator.Build.0 = Debug|x86
		{82A1438E-9F1A-41AC-B796-73B493F94ACA}.Debug|iPhoneSimulator.Deploy.0 = Debug|x86
		{82A1438E-9F1A-41AC-B796-73B493F94ACA}.Debug|x64.ActiveCfg = Debug|x64
		{82A1438E-9F1A-41AC-B796-73B493F94ACA}.Debug|x64.Build.0 = Debug|x64
		{82A1438E-9F1A-41AC-B796-73B493F94ACA}.Debug|x64.Deploy.0 = Debug|x64
		{82A1438E-9F1A-41AC-B796-73B493F94ACA}.Debug|x86.ActiveCfg = Debug|x86
		{82A1438E-9F1A-41AC-B796-73B493F94ACA}.Debug|x86.Build.0 = Debug|x86
		{82A1438E-9F1A-41AC-B796-73B493F94ACA}.Debug|x86.Deploy.0 = Debug|x86
		{82A1438E-9F1A-41AC-B796-73B493F94ACA}.Release|Any CPU.ActiveCfg = Release|x86
		{82A1438E-9F1A-41AC-B796-73B493F94ACA}.Release|Any CPU.Build.0 = Release|x86
		{82A1438E-9F1A-41AC-B796-73B493F94ACA}.Release|Any CPU.Deploy.0 = Release|x86
		{82A1438E-9F1A-41AC-B796-73B493F94ACA}.Release|ARM.ActiveCfg = Release|ARM
		{82A1438E-9F1A-41AC-B796-73B493F94ACA}.Release|ARM.Build.0 = Release|ARM
		{82A1438E-9F1A-41AC-B796-73B493F94ACA}.Release|ARM.Deploy.0 = Release|ARM
		{82A1438E-9F1A-41AC-B796-73B493F94ACA}.Release|iPhone.ActiveCfg = Release|x86
		{82A1438E-9F1A-41AC-B796-73B493F94ACA}.Release|iPhone.Build.0 = Release|x86
		{82A1438E-9F1A-41AC-B796-73B493F94ACA}.Release|iPhone.Deploy.0 = Release|x86
		{82A1438E-9F1A-41AC-B796-73B493F94ACA}.Release|iPhoneSimulator.ActiveCfg = Release|x86
		{82A1438E-9F1A-41AC-B796-73B493F94ACA}.Release|iPhoneSimulator.Build.0 = Release|x86
		{82A1438E-9F1A-41AC-B796-73B493F94ACA}.Release|iPhoneSimulator.Deploy.0 = Release|x86
		{82A1438E-9F1A-41AC-B796-73B493F94ACA}.Release|x64.ActiveCfg = Release|x64
		{82A1438E-9F1A-41AC-B796-73B493F94ACA}.Release|x64.Build.0 = Release|x64
		{82A1438E-9F1A-41AC-B796-73B493F94ACA}.Release|x64.Deploy.0 = Release|x64
		{82A1438E-9F1A-41AC-B796-73B493F94ACA}.Release|x86.ActiveCfg = Release|x86
		{82A1438E-9F1A-41AC-B796-73B493F94ACA}.Release|x86.Build.0 = Release|x86
		{82A1438E-9F1A-41AC-B796-73B493F94ACA}.Release|x86.Deploy.0 = Release|x86
		{CBACF6F2-1840-45B7-AE80-C6AFA12C48A9}.Debug|Any CPU.ActiveCfg = Debug|Any CPU
		{CBACF6F2-1840-45B7-AE80-C6AFA12C48A9}.Debug|Any CPU.Build.0 = Debug|Any CPU
		{CBACF6F2-1840-45B7-AE80-C6AFA12C48A9}.Debug|Any CPU.Deploy.0 = Debug|Any CPU
		{CBACF6F2-1840-45B7-AE80-C6AFA12C48A9}.Debug|ARM.ActiveCfg = Debug|Any CPU
		{CBACF6F2-1840-45B7-AE80-C6AFA12C48A9}.Debug|ARM.Build.0 = Debug|Any CPU
		{CBACF6F2-1840-45B7-AE80-C6AFA12C48A9}.Debug|ARM.Deploy.0 = Debug|Any CPU
		{CBACF6F2-1840-45B7-AE80-C6AFA12C48A9}.Debug|iPhone.ActiveCfg = Debug|Any CPU
		{CBACF6F2-1840-45B7-AE80-C6AFA12C48A9}.Debug|iPhone.Build.0 = Debug|Any CPU
		{CBACF6F2-1840-45B7-AE80-C6AFA12C48A9}.Debug|iPhone.Deploy.0 = Debug|Any CPU
		{CBACF6F2-1840-45B7-AE80-C6AFA12C48A9}.Debug|iPhoneSimulator.ActiveCfg = Debug|Any CPU
		{CBACF6F2-1840-45B7-AE80-C6AFA12C48A9}.Debug|iPhoneSimulator.Build.0 = Debug|Any CPU
		{CBACF6F2-1840-45B7-AE80-C6AFA12C48A9}.Debug|iPhoneSimulator.Deploy.0 = Debug|Any CPU
		{CBACF6F2-1840-45B7-AE80-C6AFA12C48A9}.Debug|x64.ActiveCfg = Debug|Any CPU
		{CBACF6F2-1840-45B7-AE80-C6AFA12C48A9}.Debug|x64.Build.0 = Debug|Any CPU
		{CBACF6F2-1840-45B7-AE80-C6AFA12C48A9}.Debug|x64.Deploy.0 = Debug|Any CPU
		{CBACF6F2-1840-45B7-AE80-C6AFA12C48A9}.Debug|x86.ActiveCfg = Debug|Any CPU
		{CBACF6F2-1840-45B7-AE80-C6AFA12C48A9}.Debug|x86.Build.0 = Debug|Any CPU
		{CBACF6F2-1840-45B7-AE80-C6AFA12C48A9}.Debug|x86.Deploy.0 = Debug|Any CPU
		{CBACF6F2-1840-45B7-AE80-C6AFA12C48A9}.Release|Any CPU.ActiveCfg = Release|Any CPU
		{CBACF6F2-1840-45B7-AE80-C6AFA12C48A9}.Release|Any CPU.Build.0 = Release|Any CPU
		{CBACF6F2-1840-45B7-AE80-C6AFA12C48A9}.Release|Any CPU.Deploy.0 = Release|Any CPU
		{CBACF6F2-1840-45B7-AE80-C6AFA12C48A9}.Release|ARM.ActiveCfg = Release|Any CPU
		{CBACF6F2-1840-45B7-AE80-C6AFA12C48A9}.Release|ARM.Build.0 = Release|Any CPU
		{CBACF6F2-1840-45B7-AE80-C6AFA12C48A9}.Release|ARM.Deploy.0 = Release|Any CPU
		{CBACF6F2-1840-45B7-AE80-C6AFA12C48A9}.Release|iPhone.ActiveCfg = Release|Any CPU
		{CBACF6F2-1840-45B7-AE80-C6AFA12C48A9}.Release|iPhone.Build.0 = Release|Any CPU
		{CBACF6F2-1840-45B7-AE80-C6AFA12C48A9}.Release|iPhone.Deploy.0 = Release|Any CPU
		{CBACF6F2-1840-45B7-AE80-C6AFA12C48A9}.Release|iPhoneSimulator.ActiveCfg = Release|Any CPU
		{CBACF6F2-1840-45B7-AE80-C6AFA12C48A9}.Release|iPhoneSimulator.Build.0 = Release|Any CPU
		{CBACF6F2-1840-45B7-AE80-C6AFA12C48A9}.Release|iPhoneSimulator.Deploy.0 = Release|Any CPU
		{CBACF6F2-1840-45B7-AE80-C6AFA12C48A9}.Release|x64.ActiveCfg = Release|Any CPU
		{CBACF6F2-1840-45B7-AE80-C6AFA12C48A9}.Release|x64.Build.0 = Release|Any CPU
		{CBACF6F2-1840-45B7-AE80-C6AFA12C48A9}.Release|x64.Deploy.0 = Release|Any CPU
		{CBACF6F2-1840-45B7-AE80-C6AFA12C48A9}.Release|x86.ActiveCfg = Release|Any CPU
		{CBACF6F2-1840-45B7-AE80-C6AFA12C48A9}.Release|x86.Build.0 = Release|Any CPU
		{CBACF6F2-1840-45B7-AE80-C6AFA12C48A9}.Release|x86.Deploy.0 = Release|Any CPU
		{297B8A0B-53E9-4E10-AD65-98DD9F35B5D8}.Debug|Any CPU.ActiveCfg = Debug|iPhone
		{297B8A0B-53E9-4E10-AD65-98DD9F35B5D8}.Debug|Any CPU.Build.0 = Debug|iPhone
		{297B8A0B-53E9-4E10-AD65-98DD9F35B5D8}.Debug|Any CPU.Deploy.0 = Debug|iPhone
		{297B8A0B-53E9-4E10-AD65-98DD9F35B5D8}.Debug|ARM.ActiveCfg = Debug|iPhone
		{297B8A0B-53E9-4E10-AD65-98DD9F35B5D8}.Debug|ARM.Build.0 = Debug|iPhone
		{297B8A0B-53E9-4E10-AD65-98DD9F35B5D8}.Debug|ARM.Deploy.0 = Debug|iPhone
		{297B8A0B-53E9-4E10-AD65-98DD9F35B5D8}.Debug|iPhone.ActiveCfg = Debug|iPhone
		{297B8A0B-53E9-4E10-AD65-98DD9F35B5D8}.Debug|iPhone.Build.0 = Debug|iPhone
		{297B8A0B-53E9-4E10-AD65-98DD9F35B5D8}.Debug|iPhone.Deploy.0 = Debug|iPhone
		{297B8A0B-53E9-4E10-AD65-98DD9F35B5D8}.Debug|iPhoneSimulator.ActiveCfg = Debug|iPhoneSimulator
		{297B8A0B-53E9-4E10-AD65-98DD9F35B5D8}.Debug|iPhoneSimulator.Build.0 = Debug|iPhoneSimulator
		{297B8A0B-53E9-4E10-AD65-98DD9F35B5D8}.Debug|iPhoneSimulator.Deploy.0 = Debug|iPhoneSimulator
		{297B8A0B-53E9-4E10-AD65-98DD9F35B5D8}.Debug|x64.ActiveCfg = Debug|iPhoneSimulator
		{297B8A0B-53E9-4E10-AD65-98DD9F35B5D8}.Debug|x64.Build.0 = Debug|iPhoneSimulator
		{297B8A0B-53E9-4E10-AD65-98DD9F35B5D8}.Debug|x64.Deploy.0 = Debug|iPhoneSimulator
		{297B8A0B-53E9-4E10-AD65-98DD9F35B5D8}.Debug|x86.ActiveCfg = Debug|iPhoneSimulator
		{297B8A0B-53E9-4E10-AD65-98DD9F35B5D8}.Debug|x86.Build.0 = Debug|iPhoneSimulator
		{297B8A0B-53E9-4E10-AD65-98DD9F35B5D8}.Debug|x86.Deploy.0 = Debug|iPhoneSimulator
		{297B8A0B-53E9-4E10-AD65-98DD9F35B5D8}.Release|Any CPU.ActiveCfg = Release|iPhoneSimulator
		{297B8A0B-53E9-4E10-AD65-98DD9F35B5D8}.Release|Any CPU.Build.0 = Release|iPhoneSimulator
		{297B8A0B-53E9-4E10-AD65-98DD9F35B5D8}.Release|Any CPU.Deploy.0 = Release|iPhoneSimulator
		{297B8A0B-53E9-4E10-AD65-98DD9F35B5D8}.Release|ARM.ActiveCfg = Release|iPhoneSimulator
		{297B8A0B-53E9-4E10-AD65-98DD9F35B5D8}.Release|ARM.Build.0 = Release|iPhoneSimulator
		{297B8A0B-53E9-4E10-AD65-98DD9F35B5D8}.Release|ARM.Deploy.0 = Release|iPhoneSimulator
		{297B8A0B-53E9-4E10-AD65-98DD9F35B5D8}.Release|iPhone.ActiveCfg = Release|iPhone
		{297B8A0B-53E9-4E10-AD65-98DD9F35B5D8}.Release|iPhone.Build.0 = Release|iPhone
		{297B8A0B-53E9-4E10-AD65-98DD9F35B5D8}.Release|iPhone.Deploy.0 = Release|iPhone
		{297B8A0B-53E9-4E10-AD65-98DD9F35B5D8}.Release|iPhoneSimulator.ActiveCfg = Release|iPhoneSimulator
		{297B8A0B-53E9-4E10-AD65-98DD9F35B5D8}.Release|iPhoneSimulator.Build.0 = Release|iPhoneSimulator
		{297B8A0B-53E9-4E10-AD65-98DD9F35B5D8}.Release|iPhoneSimulator.Deploy.0 = Release|iPhoneSimulator
		{297B8A0B-53E9-4E10-AD65-98DD9F35B5D8}.Release|x64.ActiveCfg = Release|iPhoneSimulator
		{297B8A0B-53E9-4E10-AD65-98DD9F35B5D8}.Release|x64.Build.0 = Release|iPhoneSimulator
		{297B8A0B-53E9-4E10-AD65-98DD9F35B5D8}.Release|x64.Deploy.0 = Release|iPhoneSimulator
		{297B8A0B-53E9-4E10-AD65-98DD9F35B5D8}.Release|x86.ActiveCfg = Release|iPhoneSimulator
		{297B8A0B-53E9-4E10-AD65-98DD9F35B5D8}.Release|x86.Build.0 = Release|iPhoneSimulator
		{297B8A0B-53E9-4E10-AD65-98DD9F35B5D8}.Release|x86.Deploy.0 = Release|iPhoneSimulator
		{7193B552-7512-4613-B3A8-652AFD81AE41}.Debug|Any CPU.ActiveCfg = Debug|Any CPU
		{7193B552-7512-4613-B3A8-652AFD81AE41}.Debug|Any CPU.Build.0 = Debug|Any CPU
		{7193B552-7512-4613-B3A8-652AFD81AE41}.Debug|Any CPU.Deploy.0 = Debug|Any CPU
		{7193B552-7512-4613-B3A8-652AFD81AE41}.Debug|ARM.ActiveCfg = Debug|Any CPU
		{7193B552-7512-4613-B3A8-652AFD81AE41}.Debug|ARM.Build.0 = Debug|Any CPU
		{7193B552-7512-4613-B3A8-652AFD81AE41}.Debug|ARM.Deploy.0 = Debug|Any CPU
		{7193B552-7512-4613-B3A8-652AFD81AE41}.Debug|iPhone.ActiveCfg = Debug|Any CPU
		{7193B552-7512-4613-B3A8-652AFD81AE41}.Debug|iPhone.Build.0 = Debug|Any CPU
		{7193B552-7512-4613-B3A8-652AFD81AE41}.Debug|iPhone.Deploy.0 = Debug|Any CPU
		{7193B552-7512-4613-B3A8-652AFD81AE41}.Debug|iPhoneSimulator.ActiveCfg = Debug|Any CPU
		{7193B552-7512-4613-B3A8-652AFD81AE41}.Debug|iPhoneSimulator.Build.0 = Debug|Any CPU
		{7193B552-7512-4613-B3A8-652AFD81AE41}.Debug|iPhoneSimulator.Deploy.0 = Debug|Any CPU
		{7193B552-7512-4613-B3A8-652AFD81AE41}.Debug|x64.ActiveCfg = Debug|Any CPU
		{7193B552-7512-4613-B3A8-652AFD81AE41}.Debug|x64.Build.0 = Debug|Any CPU
		{7193B552-7512-4613-B3A8-652AFD81AE41}.Debug|x64.Deploy.0 = Debug|Any CPU
		{7193B552-7512-4613-B3A8-652AFD81AE41}.Debug|x86.ActiveCfg = Debug|Any CPU
		{7193B552-7512-4613-B3A8-652AFD81AE41}.Debug|x86.Build.0 = Debug|Any CPU
		{7193B552-7512-4613-B3A8-652AFD81AE41}.Debug|x86.Deploy.0 = Debug|Any CPU
		{7193B552-7512-4613-B3A8-652AFD81AE41}.Release|Any CPU.ActiveCfg = Release|Any CPU
		{7193B552-7512-4613-B3A8-652AFD81AE41}.Release|Any CPU.Build.0 = Release|Any CPU
		{7193B552-7512-4613-B3A8-652AFD81AE41}.Release|Any CPU.Deploy.0 = Release|Any CPU
		{7193B552-7512-4613-B3A8-652AFD81AE41}.Release|ARM.ActiveCfg = Release|Any CPU
		{7193B552-7512-4613-B3A8-652AFD81AE41}.Release|ARM.Build.0 = Release|Any CPU
		{7193B552-7512-4613-B3A8-652AFD81AE41}.Release|ARM.Deploy.0 = Release|Any CPU
		{7193B552-7512-4613-B3A8-652AFD81AE41}.Release|iPhone.ActiveCfg = Release|Any CPU
		{7193B552-7512-4613-B3A8-652AFD81AE41}.Release|iPhone.Build.0 = Release|Any CPU
		{7193B552-7512-4613-B3A8-652AFD81AE41}.Release|iPhone.Deploy.0 = Release|Any CPU
		{7193B552-7512-4613-B3A8-652AFD81AE41}.Release|iPhoneSimulator.ActiveCfg = Release|Any CPU
		{7193B552-7512-4613-B3A8-652AFD81AE41}.Release|iPhoneSimulator.Build.0 = Release|Any CPU
		{7193B552-7512-4613-B3A8-652AFD81AE41}.Release|iPhoneSimulator.Deploy.0 = Release|Any CPU
		{7193B552-7512-4613-B3A8-652AFD81AE41}.Release|x64.ActiveCfg = Release|Any CPU
		{7193B552-7512-4613-B3A8-652AFD81AE41}.Release|x64.Build.0 = Release|Any CPU
		{7193B552-7512-4613-B3A8-652AFD81AE41}.Release|x64.Deploy.0 = Release|Any CPU
		{7193B552-7512-4613-B3A8-652AFD81AE41}.Release|x86.ActiveCfg = Release|Any CPU
		{7193B552-7512-4613-B3A8-652AFD81AE41}.Release|x86.Build.0 = Release|Any CPU
		{7193B552-7512-4613-B3A8-652AFD81AE41}.Release|x86.Deploy.0 = Release|Any CPU
	EndGlobalSection
	GlobalSection(SolutionProperties) = preSolution
		HideSolutionNode = FALSE
	EndGlobalSection
	GlobalSection(ExtensibilityGlobals) = postSolution
		SolutionGuid = {E0EC9987-50A0-4E7B-8C29-2D8D5830875D}
	EndGlobalSection
EndGlobal
